
Microsoft Visual Studio Solution File, Format Version 12.00
# Visual Studio Version 17
VisualStudioVersion = 17.4.33213.308
MinimumVisualStudioVersion = 10.0.40219.1
Project("{FAE04EC0-301F-11D3-BF4B-00C04F79EFBC}") = "GolfYou", "GolfYou\GolfYou.csproj", "{0A924BA5-5272-4A97-AA93-A1C34FFA6415}"
EndProject
Global
	GlobalSection(SolutionConfigurationPlatforms) = preSolution
		Debug|Any CPU = Debug|Any CPU
		Release|Any CPU = Release|Any CPU
	EndGlobalSection
	GlobalSection(ProjectConfigurationPlatforms) = postSolution
		{0A924BA5-5272-4A97-AA93-A1C34FFA6415}.Debug|Any CPU.ActiveCfg = Debug|Any CPU
		{0A924BA5-5272-4A97-AA93-A1C34FFA6415}.Debug|Any CPU.Build.0 = Debug|Any CPU
		{0A924BA5-5272-4A97-AA93-A1C34FFA6415}.Release|Any CPU.ActiveCfg = Release|Any CPU
		{0A924BA5-5272-4A97-AA93-A1C34FFA6415}.Release|Any CPU.Build.0 = Release|Any CPU
	EndGlobalSection
	GlobalSection(SolutionProperties) = preSolution
		HideSolutionNode = FALSE
	EndGlobalSection
	GlobalSection(ExtensibilityGlobals) = postSolution
		SolutionGuid = {BED06B1F-63F8-42BA-A7A8-A4FAFDDFB52C}
	EndGlobalSection
EndGlobal